// !$*UTF8*$!
{
	archiveVersion = 1;
	classes = {
	};
	objectVersion = 46;
	objects = {

/* Begin PBXBuildFile section */
		CC8005591BF5A76D00356C3E /* DetailViewController.m in Sources */ = {isa = PBXBuildFile; fileRef = CC8005581BF5A76D00356C3E /* DetailViewController.m */; };
		CC80055C1BF5A8FB00356C3E /* MoreViewController.m in Sources */ = {isa = PBXBuildFile; fileRef = CC80055B1BF5A8FB00356C3E /* MoreViewController.m */; };
		CC80055E1BF5AEEF00356C3E /* zhanhuifuwu.html in Resources */ = {isa = PBXBuildFile; fileRef = CC80055D1BF5AEEF00356C3E /* zhanhuifuwu.html */; };
		CC8005621BF5C2C100356C3E /* SuggestViewController.m in Sources */ = {isa = PBXBuildFile; fileRef = CC8005611BF5C2C100356C3E /* SuggestViewController.m */; };
		CCA6F6681BF5700C00875D98 /* MJRefreshAutoFooter.m in Sources */ = {isa = PBXBuildFile; fileRef = CCA6F6371BF5700C00875D98 /* MJRefreshAutoFooter.m */; };
		CCA6F6691BF5700C00875D98 /* MJRefreshBackFooter.m in Sources */ = {isa = PBXBuildFile; fileRef = CCA6F6391BF5700C00875D98 /* MJRefreshBackFooter.m */; };
		CCA6F66A1BF5700C00875D98 /* MJRefreshComponent.m in Sources */ = {isa = PBXBuildFile; fileRef = CCA6F63B1BF5700C00875D98 /* MJRefreshComponent.m */; };
		CCA6F66B1BF5700C00875D98 /* MJRefreshFooter.m in Sources */ = {isa = PBXBuildFile; fileRef = CCA6F63D1BF5700C00875D98 /* MJRefreshFooter.m */; };
		CCA6F66C1BF5700C00875D98 /* MJRefreshHeader.m in Sources */ = {isa = PBXBuildFile; fileRef = CCA6F63F1BF5700C00875D98 /* MJRefreshHeader.m */; };
		CCA6F66D1BF5700C00875D98 /* MJRefreshAutoGifFooter.m in Sources */ = {isa = PBXBuildFile; fileRef = CCA6F6441BF5700C00875D98 /* MJRefreshAutoGifFooter.m */; };
		CCA6F66E1BF5700C00875D98 /* MJRefreshAutoNormalFooter.m in Sources */ = {isa = PBXBuildFile; fileRef = CCA6F6461BF5700C00875D98 /* MJRefreshAutoNormalFooter.m */; };
		CCA6F66F1BF5700C00875D98 /* MJRefreshAutoStateFooter.m in Sources */ = {isa = PBXBuildFile; fileRef = CCA6F6481BF5700C00875D98 /* MJRefreshAutoStateFooter.m */; };
		CCA6F6701BF5700C00875D98 /* MJRefreshBackGifFooter.m in Sources */ = {isa = PBXBuildFile; fileRef = CCA6F64B1BF5700C00875D98 /* MJRefreshBackGifFooter.m */; };
		CCA6F6711BF5700C00875D98 /* MJRefreshBackNormalFooter.m in Sources */ = {isa = PBXBuildFile; fileRef = CCA6F64D1BF5700C00875D98 /* MJRefreshBackNormalFooter.m */; };
		CCA6F6721BF5700C00875D98 /* MJRefreshBackStateFooter.m in Sources */ = {isa = PBXBuildFile; fileRef = CCA6F64F1BF5700C00875D98 /* MJRefreshBackStateFooter.m */; };
		CCA6F6731BF5700C00875D98 /* MJRefreshGifHeader.m in Sources */ = {isa = PBXBuildFile; fileRef = CCA6F6521BF5700C00875D98 /* MJRefreshGifHeader.m */; };
		CCA6F6741BF5700C00875D98 /* MJRefreshNormalHeader.m in Sources */ = {isa = PBXBuildFile; fileRef = CCA6F6541BF5700C00875D98 /* MJRefreshNormalHeader.m */; };
		CCA6F6751BF5700C00875D98 /* MJRefreshStateHeader.m in Sources */ = {isa = PBXBuildFile; fileRef = CCA6F6561BF5700C00875D98 /* MJRefreshStateHeader.m */; };
		CCA6F6761BF5700C00875D98 /* MJRefresh.bundle in Resources */ = {isa = PBXBuildFile; fileRef = CCA6F6571BF5700C00875D98 /* MJRefresh.bundle */; };
		CCA6F6771BF5700C00875D98 /* MJRefreshConst.m in Sources */ = {isa = PBXBuildFile; fileRef = CCA6F65A1BF5700C00875D98 /* MJRefreshConst.m */; };
		CCA6F6781BF5700C00875D98 /* UIScrollView+MJExtension.m in Sources */ = {isa = PBXBuildFile; fileRef = CCA6F65C1BF5700C00875D98 /* UIScrollView+MJExtension.m */; };
		CCA6F6791BF5700C00875D98 /* UIScrollView+MJRefresh.m in Sources */ = {isa = PBXBuildFile; fileRef = CCA6F65E1BF5700C00875D98 /* UIScrollView+MJRefresh.m */; };
		CCA6F67A1BF5700C00875D98 /* UIView+MJExtension.m in Sources */ = {isa = PBXBuildFile; fileRef = CCA6F6601BF5700C00875D98 /* UIView+MJExtension.m */; };
		CCA6F67B1BF5700C00875D98 /* SVIndefiniteAnimatedView.m in Sources */ = {isa = PBXBuildFile; fileRef = CCA6F6631BF5700C00875D98 /* SVIndefiniteAnimatedView.m */; };
		CCA6F67C1BF5700C00875D98 /* SVProgressHUD.bundle in Resources */ = {isa = PBXBuildFile; fileRef = CCA6F6651BF5700C00875D98 /* SVProgressHUD.bundle */; };
		CCA6F67D1BF5700C00875D98 /* SVProgressHUD.m in Sources */ = {isa = PBXBuildFile; fileRef = CCA6F6671BF5700C00875D98 /* SVProgressHUD.m */; };
		CCA6F6811BF5714300875D98 /* WebViewController.m in Sources */ = {isa = PBXBuildFile; fileRef = CCA6F6801BF5714300875D98 /* WebViewController.m */; };
		CCA6F6841BF5807500875D98 /* RegisterViewController.m in Sources */ = {isa = PBXBuildFile; fileRef = CCA6F6831BF5807500875D98 /* RegisterViewController.m */; };
		CCF6A3331BF4A9E300EF7D5F /* main.m in Sources */ = {isa = PBXBuildFile; fileRef = CCF6A3321BF4A9E300EF7D5F /* main.m */; };
		CCF6A3361BF4A9E300EF7D5F /* AppDelegate.m in Sources */ = {isa = PBXBuildFile; fileRef = CCF6A3351BF4A9E300EF7D5F /* AppDelegate.m */; };
		CCF6A33C1BF4A9E300EF7D5F /* Main.storyboard in Resources */ = {isa = PBXBuildFile; fileRef = CCF6A33A1BF4A9E300EF7D5F /* Main.storyboard */; };
		CCF6A33E1BF4A9E300EF7D5F /* Images.xcassets in Resources */ = {isa = PBXBuildFile; fileRef = CCF6A33D1BF4A9E300EF7D5F /* Images.xcassets */; };
		CCF6A3411BF4A9E300EF7D5F /* LaunchScreen.xib in Resources */ = {isa = PBXBuildFile; fileRef = CCF6A33F1BF4A9E300EF7D5F /* LaunchScreen.xib */; };
		CCF6A34D1BF4A9E300EF7D5F /* furnitureShowTests.m in Sources */ = {isa = PBXBuildFile; fileRef = CCF6A34C1BF4A9E300EF7D5F /* furnitureShowTests.m */; };
		CCF6A3601BF4AFD000EF7D5F /* MainViewController.m in Sources */ = {isa = PBXBuildFile; fileRef = CCF6A35F1BF4AFD000EF7D5F /* MainViewController.m */; };
		CCF6A3651BF4B80A00EF7D5F /* ShowViewController.m in Sources */ = {isa = PBXBuildFile; fileRef = CCF6A3641BF4B80A00EF7D5F /* ShowViewController.m */; };
		CCF6A37B1BF4B8F200EF7D5F /* AFHTTPRequestOperation.m in Sources */ = {isa = PBXBuildFile; fileRef = CCF6A3691BF4B8F200EF7D5F /* AFHTTPRequestOperation.m */; };
		CCF6A37C1BF4B8F200EF7D5F /* AFHTTPRequestOperationManager.m in Sources */ = {isa = PBXBuildFile; fileRef = CCF6A36B1BF4B8F200EF7D5F /* AFHTTPRequestOperationManager.m */; };
		CCF6A37D1BF4B8F200EF7D5F /* AFHTTPSessionManager.m in Sources */ = {isa = PBXBuildFile; fileRef = CCF6A36D1BF4B8F200EF7D5F /* AFHTTPSessionManager.m */; };
		CCF6A37E1BF4B8F200EF7D5F /* AFNetworkReachabilityManager.m in Sources */ = {isa = PBXBuildFile; fileRef = CCF6A3701BF4B8F200EF7D5F /* AFNetworkReachabilityManager.m */; };
		CCF6A37F1BF4B8F200EF7D5F /* AFSecurityPolicy.m in Sources */ = {isa = PBXBuildFile; fileRef = CCF6A3721BF4B8F200EF7D5F /* AFSecurityPolicy.m */; };
		CCF6A3801BF4B8F200EF7D5F /* AFURLConnectionOperation.m in Sources */ = {isa = PBXBuildFile; fileRef = CCF6A3741BF4B8F200EF7D5F /* AFURLConnectionOperation.m */; };
		CCF6A3811BF4B8F200EF7D5F /* AFURLRequestSerialization.m in Sources */ = {isa = PBXBuildFile; fileRef = CCF6A3761BF4B8F200EF7D5F /* AFURLRequestSerialization.m */; };
		CCF6A3821BF4B8F200EF7D5F /* AFURLResponseSerialization.m in Sources */ = {isa = PBXBuildFile; fileRef = CCF6A3781BF4B8F200EF7D5F /* AFURLResponseSerialization.m */; };
		CCF6A3831BF4B8F200EF7D5F /* AFURLSessionManager.m in Sources */ = {isa = PBXBuildFile; fileRef = CCF6A37A1BF4B8F200EF7D5F /* AFURLSessionManager.m */; };
		CCF6A3861BF4B99D00EF7D5F /* HomeChild.m in Sources */ = {isa = PBXBuildFile; fileRef = CCF6A3851BF4B99D00EF7D5F /* HomeChild.m */; };
		CCF6A3891BF4B9AB00EF7D5F /* HomeParent.m in Sources */ = {isa = PBXBuildFile; fileRef = CCF6A3881BF4B9AB00EF7D5F /* HomeParent.m */; };
		CCF6A38C1BF4C6A500EF7D5F /* HomeHeaderView.m in Sources */ = {isa = PBXBuildFile; fileRef = CCF6A38B1BF4C6A500EF7D5F /* HomeHeaderView.m */; };
		CCF6A38F1BF4D34A00EF7D5F /* MessageTableViewController.m in Sources */ = {isa = PBXBuildFile; fileRef = CCF6A38E1BF4D34A00EF7D5F /* MessageTableViewController.m */; };
		CCF6A3921BF4D3FC00EF7D5F /* MessageTableViewCell.m in Sources */ = {isa = PBXBuildFile; fileRef = CCF6A3911BF4D3FC00EF7D5F /* MessageTableViewCell.m */; };
		CCF6A3951BF4D64600EF7D5F /* Message.m in Sources */ = {isa = PBXBuildFile; fileRef = CCF6A3941BF4D64600EF7D5F /* Message.m */; };
/* End PBXBuildFile section */

/* Begin PBXContainerItemProxy section */
		CCF6A3471BF4A9E300EF7D5F /* PBXContainerItemProxy */ = {
			isa = PBXContainerItemProxy;
			containerPortal = CCF6A3251BF4A9E300EF7D5F /* Project object */;
			proxyType = 1;
			remoteGlobalIDString = CCF6A32C1BF4A9E300EF7D5F;
			remoteInfo = furnitureShow;
		};
/* End PBXContainerItemProxy section */

/* Begin PBXFileReference section */
		CC8005571BF5A76D00356C3E /* DetailViewController.h */ = {isa = PBXFileReference; fileEncoding = 4; lastKnownFileType = sourcecode.c.h; path = DetailViewController.h; sourceTree = "<group>"; };
		CC8005581BF5A76D00356C3E /* DetailViewController.m */ = {isa = PBXFileReference; fileEncoding = 4; lastKnownFileType = sourcecode.c.objc; path = DetailViewController.m; sourceTree = "<group>"; };
		CC80055A1BF5A8FB00356C3E /* MoreViewController.h */ = {isa = PBXFileReference; fileEncoding = 4; lastKnownFileType = sourcecode.c.h; path = MoreViewController.h; sourceTree = "<group>"; };
		CC80055B1BF5A8FB00356C3E /* MoreViewController.m */ = {isa = PBXFileReference; fileEncoding = 4; lastKnownFileType = sourcecode.c.objc; path = MoreViewController.m; sourceTree = "<group>"; };
		CC80055D1BF5AEEF00356C3E /* zhanhuifuwu.html */ = {isa = PBXFileReference; fileEncoding = 4; lastKnownFileType = text.html; path = zhanhuifuwu.html; sourceTree = "<group>"; };
		CC8005601BF5C2C100356C3E /* SuggestViewController.h */ = {isa = PBXFileReference; fileEncoding = 4; lastKnownFileType = sourcecode.c.h; path = SuggestViewController.h; sourceTree = "<group>"; };
		CC8005611BF5C2C100356C3E /* SuggestViewController.m */ = {isa = PBXFileReference; fileEncoding = 4; lastKnownFileType = sourcecode.c.objc; path = SuggestViewController.m; sourceTree = "<group>"; };
		CCA6F6361BF5700C00875D98 /* MJRefreshAutoFooter.h */ = {isa = PBXFileReference; fileEncoding = 4; lastKnownFileType = sourcecode.c.h; path = MJRefreshAutoFooter.h; sourceTree = "<group>"; };
		CCA6F6371BF5700C00875D98 /* MJRefreshAutoFooter.m */ = {isa = PBXFileReference; fileEncoding = 4; lastKnownFileType = sourcecode.c.objc; path = MJRefreshAutoFooter.m; sourceTree = "<group>"; };
		CCA6F6381BF5700C00875D98 /* MJRefreshBackFooter.h */ = {isa = PBXFileReference; fileEncoding = 4; lastKnownFileType = sourcecode.c.h; path = MJRefreshBackFooter.h; sourceTree = "<group>"; };
		CCA6F6391BF5700C00875D98 /* MJRefreshBackFooter.m */ = {isa = PBXFileReference; fileEncoding = 4; lastKnownFileType = sourcecode.c.objc; path = MJRefreshBackFooter.m; sourceTree = "<group>"; };
		CCA6F63A1BF5700C00875D98 /* MJRefreshComponent.h */ = {isa = PBXFileReference; fileEncoding = 4; lastKnownFileType = sourcecode.c.h; path = MJRefreshComponent.h; sourceTree = "<group>"; };
		CCA6F63B1BF5700C00875D98 /* MJRefreshComponent.m */ = {isa = PBXFileReference; fileEncoding = 4; lastKnownFileType = sourcecode.c.objc; path = MJRefreshComponent.m; sourceTree = "<group>"; };
		CCA6F63C1BF5700C00875D98 /* MJRefreshFooter.h */ = {isa = PBXFileReference; fileEncoding = 4; lastKnownFileType = sourcecode.c.h; path = MJRefreshFooter.h; sourceTree = "<group>"; };
		CCA6F63D1BF5700C00875D98 /* MJRefreshFooter.m */ = {isa = PBXFileReference; fileEncoding = 4; lastKnownFileType = sourcecode.c.objc; path = MJRefreshFooter.m; sourceTree = "<group>"; };
		CCA6F63E1BF5700C00875D98 /* MJRefreshHeader.h */ = {isa = PBXFileReference; fileEncoding = 4; lastKnownFileType = sourcecode.c.h; path = MJRefreshHeader.h; sourceTree = "<group>"; };
		CCA6F63F1BF5700C00875D98 /* MJRefreshHeader.m */ = {isa = PBXFileReference; fileEncoding = 4; lastKnownFileType = sourcecode.c.objc; path = MJRefreshHeader.m; sourceTree = "<group>"; };
		CCA6F6431BF5700C00875D98 /* MJRefreshAutoGifFooter.h */ = {isa = PBXFileReference; fileEncoding = 4; lastKnownFileType = sourcecode.c.h; path = MJRefreshAutoGifFooter.h; sourceTree = "<group>"; };
		CCA6F6441BF5700C00875D98 /* MJRefreshAutoGifFooter.m */ = {isa = PBXFileReference; fileEncoding = 4; lastKnownFileType = sourcecode.c.objc; path = MJRefreshAutoGifFooter.m; sourceTree = "<group>"; };
		CCA6F6451BF5700C00875D98 /* MJRefreshAutoNormalFooter.h */ = {isa = PBXFileReference; fileEncoding = 4; lastKnownFileType = sourcecode.c.h; path = MJRefreshAutoNormalFooter.h; sourceTree = "<group>"; };
		CCA6F6461BF5700C00875D98 /* MJRefreshAutoNormalFooter.m */ = {isa = PBXFileReference; fileEncoding = 4; lastKnownFileType = sourcecode.c.objc; path = MJRefreshAutoNormalFooter.m; sourceTree = "<group>"; };
		CCA6F6471BF5700C00875D98 /* MJRefreshAutoStateFooter.h */ = {isa = PBXFileReference; fileEncoding = 4; lastKnownFileType = sourcecode.c.h; path = MJRefreshAutoStateFooter.h; sourceTree = "<group>"; };
		CCA6F6481BF5700C00875D98 /* MJRefreshAutoStateFooter.m */ = {isa = PBXFileReference; fileEncoding = 4; lastKnownFileType = sourcecode.c.objc; path = MJRefreshAutoStateFooter.m; sourceTree = "<group>"; };
		CCA6F64A1BF5700C00875D98 /* MJRefreshBackGifFooter.h */ = {isa = PBXFileReference; fileEncoding = 4; lastKnownFileType = sourcecode.c.h; path = MJRefreshBackGifFooter.h; sourceTree = "<group>"; };
		CCA6F64B1BF5700C00875D98 /* MJRefreshBackGifFooter.m */ = {isa = PBXFileReference; fileEncoding = 4; lastKnownFileType = sourcecode.c.objc; path = MJRefreshBackGifFooter.m; sourceTree = "<group>"; };
		CCA6F64C1BF5700C00875D98 /* MJRefreshBackNormalFooter.h */ = {isa = PBXFileReference; fileEncoding = 4; lastKnownFileType = sourcecode.c.h; path = MJRefreshBackNormalFooter.h; sourceTree = "<group>"; };
		CCA6F64D1BF5700C00875D98 /* MJRefreshBackNormalFooter.m */ = {isa = PBXFileReference; fileEncoding = 4; lastKnownFileType = sourcecode.c.objc; path = MJRefreshBackNormalFooter.m; sourceTree = "<group>"; };
		CCA6F64E1BF5700C00875D98 /* MJRefreshBackStateFooter.h */ = {isa = PBXFileReference; fileEncoding = 4; lastKnownFileType = sourcecode.c.h; path = MJRefreshBackStateFooter.h; sourceTree = "<group>"; };
		CCA6F64F1BF5700C00875D98 /* MJRefreshBackStateFooter.m */ = {isa = PBXFileReference; fileEncoding = 4; lastKnownFileType = sourcecode.c.objc; path = MJRefreshBackStateFooter.m; sourceTree = "<group>"; };
		CCA6F6511BF5700C00875D98 /* MJRefreshGifHeader.h */ = {isa = PBXFileReference; fileEncoding = 4; lastKnownFileType = sourcecode.c.h; path = MJRefreshGifHeader.h; sourceTree = "<group>"; };
		CCA6F6521BF5700C00875D98 /* MJRefreshGifHeader.m */ = {isa = PBXFileReference; fileEncoding = 4; lastKnownFileType = sourcecode.c.objc; path = MJRefreshGifHeader.m; sourceTree = "<group>"; };
		CCA6F6531BF5700C00875D98 /* MJRefreshNormalHeader.h */ = {isa = PBXFileReference; fileEncoding = 4; lastKnownFileType = sourcecode.c.h; path = MJRefreshNormalHeader.h; sourceTree = "<group>"; };
		CCA6F6541BF5700C00875D98 /* MJRefreshNormalHeader.m */ = {isa = PBXFileReference; fileEncoding = 4; lastKnownFileType = sourcecode.c.objc; path = MJRefreshNormalHeader.m; sourceTree = "<group>"; };
		CCA6F6551BF5700C00875D98 /* MJRefreshStateHeader.h */ = {isa = PBXFileReference; fileEncoding = 4; lastKnownFileType = sourcecode.c.h; path = MJRefreshStateHeader.h; sourceTree = "<group>"; };
		CCA6F6561BF5700C00875D98 /* MJRefreshStateHeader.m */ = {isa = PBXFileReference; fileEncoding = 4; lastKnownFileType = sourcecode.c.objc; path = MJRefreshStateHeader.m; sourceTree = "<group>"; };
		CCA6F6571BF5700C00875D98 /* MJRefresh.bundle */ = {isa = PBXFileReference; lastKnownFileType = "wrapper.plug-in"; path = MJRefresh.bundle; sourceTree = "<group>"; };
		CCA6F6581BF5700C00875D98 /* MJRefresh.h */ = {isa = PBXFileReference; fileEncoding = 4; lastKnownFileType = sourcecode.c.h; path = MJRefresh.h; sourceTree = "<group>"; };
		CCA6F6591BF5700C00875D98 /* MJRefreshConst.h */ = {isa = PBXFileReference; fileEncoding = 4; lastKnownFileType = sourcecode.c.h; path = MJRefreshConst.h; sourceTree = "<group>"; };
		CCA6F65A1BF5700C00875D98 /* MJRefreshConst.m */ = {isa = PBXFileReference; fileEncoding = 4; lastKnownFileType = sourcecode.c.objc; path = MJRefreshConst.m; sourceTree = "<group>"; };
		CCA6F65B1BF5700C00875D98 /* UIScrollView+MJExtension.h */ = {isa = PBXFileReference; fileEncoding = 4; lastKnownFileType = sourcecode.c.h; path = "UIScrollView+MJExtension.h"; sourceTree = "<group>"; };
		CCA6F65C1BF5700C00875D98 /* UIScrollView+MJExtension.m */ = {isa = PBXFileReference; fileEncoding = 4; lastKnownFileType = sourcecode.c.objc; path = "UIScrollView+MJExtension.m"; sourceTree = "<group>"; };
		CCA6F65D1BF5700C00875D98 /* UIScrollView+MJRefresh.h */ = {isa = PBXFileReference; fileEncoding = 4; lastKnownFileType = sourcecode.c.h; path = "UIScrollView+MJRefresh.h"; sourceTree = "<group>"; };
		CCA6F65E1BF5700C00875D98 /* UIScrollView+MJRefresh.m */ = {isa = PBXFileReference; fileEncoding = 4; lastKnownFileType = sourcecode.c.objc; path = "UIScrollView+MJRefresh.m"; sourceTree = "<group>"; };
		CCA6F65F1BF5700C00875D98 /* UIView+MJExtension.h */ = {isa = PBXFileReference; fileEncoding = 4; lastKnownFileType = sourcecode.c.h; path = "UIView+MJExtension.h"; sourceTree = "<group>"; };
		CCA6F6601BF5700C00875D98 /* UIView+MJExtension.m */ = {isa = PBXFileReference; fileEncoding = 4; lastKnownFileType = sourcecode.c.objc; path = "UIView+MJExtension.m"; sourceTree = "<group>"; };
		CCA6F6621BF5700C00875D98 /* SVIndefiniteAnimatedView.h */ = {isa = PBXFileReference; fileEncoding = 4; lastKnownFileType = sourcecode.c.h; path = SVIndefiniteAnimatedView.h; sourceTree = "<group>"; };
		CCA6F6631BF5700C00875D98 /* SVIndefiniteAnimatedView.m */ = {isa = PBXFileReference; fileEncoding = 4; lastKnownFileType = sourcecode.c.objc; path = SVIndefiniteAnimatedView.m; sourceTree = "<group>"; };
		CCA6F6641BF5700C00875D98 /* SVProgressHUD-Prefix.pch */ = {isa = PBXFileReference; fileEncoding = 4; lastKnownFileType = sourcecode.c.h; path = "SVProgressHUD-Prefix.pch"; sourceTree = "<group>"; };
		CCA6F6651BF5700C00875D98 /* SVProgressHUD.bundle */ = {isa = PBXFileReference; lastKnownFileType = "wrapper.plug-in"; path = SVProgressHUD.bundle; sourceTree = "<group>"; };
		CCA6F6661BF5700C00875D98 /* SVProgressHUD.h */ = {isa = PBXFileReference; fileEncoding = 4; lastKnownFileType = sourcecode.c.h; path = SVProgressHUD.h; sourceTree = "<group>"; };
		CCA6F6671BF5700C00875D98 /* SVProgressHUD.m */ = {isa = PBXFileReference; fileEncoding = 4; lastKnownFileType = sourcecode.c.objc; path = SVProgressHUD.m; sourceTree = "<group>"; };
		CCA6F67F1BF5714300875D98 /* WebViewController.h */ = {isa = PBXFileReference; fileEncoding = 4; lastKnownFileType = sourcecode.c.h; path = WebViewController.h; sourceTree = "<group>"; };
		CCA6F6801BF5714300875D98 /* WebViewController.m */ = {isa = PBXFileReference; fileEncoding = 4; lastKnownFileType = sourcecode.c.objc; path = WebViewController.m; sourceTree = "<group>"; };
		CCA6F6821BF5807500875D98 /* RegisterViewController.h */ = {isa = PBXFileReference; fileEncoding = 4; lastKnownFileType = sourcecode.c.h; path = RegisterViewController.h; sourceTree = "<group>"; };
		CCA6F6831BF5807500875D98 /* RegisterViewController.m */ = {isa = PBXFileReference; fileEncoding = 4; lastKnownFileType = sourcecode.c.objc; path = RegisterViewController.m; sourceTree = "<group>"; };
		CCF6A32D1BF4A9E300EF7D5F /* furnitureShow.app */ = {isa = PBXFileReference; explicitFileType = wrapper.application; includeInIndex = 0; path = furnitureShow.app; sourceTree = BUILT_PRODUCTS_DIR; };
		CCF6A3311BF4A9E300EF7D5F /* Info.plist */ = {isa = PBXFileReference; lastKnownFileType = text.plist.xml; path = Info.plist; sourceTree = "<group>"; };
		CCF6A3321BF4A9E300EF7D5F /* main.m */ = {isa = PBXFileReference; lastKnownFileType = sourcecode.c.objc; path = main.m; sourceTree = "<group>"; };
		CCF6A3341BF4A9E300EF7D5F /* AppDelegate.h */ = {isa = PBXFileReference; lastKnownFileType = sourcecode.c.h; path = AppDelegate.h; sourceTree = "<group>"; };
		CCF6A3351BF4A9E300EF7D5F /* AppDelegate.m */ = {isa = PBXFileReference; lastKnownFileType = sourcecode.c.objc; path = AppDelegate.m; sourceTree = "<group>"; };
		CCF6A33B1BF4A9E300EF7D5F /* Base */ = {isa = PBXFileReference; lastKnownFileType = file.storyboard; name = Base; path = Base.lproj/Main.storyboard; sourceTree = "<group>"; };
		CCF6A33D1BF4A9E300EF7D5F /* Images.xcassets */ = {isa = PBXFileReference; lastKnownFileType = folder.assetcatalog; path = Images.xcassets; sourceTree = "<group>"; };
		CCF6A3401BF4A9E300EF7D5F /* Base */ = {isa = PBXFileReference; lastKnownFileType = file.xib; name = Base; path = Base.lproj/LaunchScreen.xib; sourceTree = "<group>"; };
		CCF6A3461BF4A9E300EF7D5F /* furnitureShowTests.xctest */ = {isa = PBXFileReference; explicitFileType = wrapper.cfbundle; includeInIndex = 0; path = furnitureShowTests.xctest; sourceTree = BUILT_PRODUCTS_DIR; };
		CCF6A34B1BF4A9E300EF7D5F /* Info.plist */ = {isa = PBXFileReference; lastKnownFileType = text.plist.xml; path = Info.plist; sourceTree = "<group>"; };
		CCF6A34C1BF4A9E300EF7D5F /* furnitureShowTests.m */ = {isa = PBXFileReference; lastKnownFileType = sourcecode.c.objc; path = furnitureShowTests.m; sourceTree = "<group>"; };
		CCF6A35E1BF4AFD000EF7D5F /* MainViewController.h */ = {isa = PBXFileReference; fileEncoding = 4; lastKnownFileType = sourcecode.c.h; path = MainViewController.h; sourceTree = "<group>"; };
		CCF6A35F1BF4AFD000EF7D5F /* MainViewController.m */ = {isa = PBXFileReference; fileEncoding = 4; lastKnownFileType = sourcecode.c.objc; path = MainViewController.m; sourceTree = "<group>"; };
		CCF6A3611BF4B50B00EF7D5F /* Common.h */ = {isa = PBXFileReference; lastKnownFileType = sourcecode.c.h; path = Common.h; sourceTree = "<group>"; };
		CCF6A3631BF4B80A00EF7D5F /* ShowViewController.h */ = {isa = PBXFileReference; fileEncoding = 4; lastKnownFileType = sourcecode.c.h; path = ShowViewController.h; sourceTree = "<group>"; };
		CCF6A3641BF4B80A00EF7D5F /* ShowViewController.m */ = {isa = PBXFileReference; fileEncoding = 4; lastKnownFileType = sourcecode.c.objc; path = ShowViewController.m; sourceTree = "<group>"; };
		CCF6A3681BF4B8F200EF7D5F /* AFHTTPRequestOperation.h */ = {isa = PBXFileReference; fileEncoding = 4; lastKnownFileType = sourcecode.c.h; path = AFHTTPRequestOperation.h; sourceTree = "<group>"; };
		CCF6A3691BF4B8F200EF7D5F /* AFHTTPRequestOperation.m */ = {isa = PBXFileReference; fileEncoding = 4; lastKnownFileType = sourcecode.c.objc; path = AFHTTPRequestOperation.m; sourceTree = "<group>"; };
		CCF6A36A1BF4B8F200EF7D5F /* AFHTTPRequestOperationManager.h */ = {isa = PBXFileReference; fileEncoding = 4; lastKnownFileType = sourcecode.c.h; path = AFHTTPRequestOperationManager.h; sourceTree = "<group>"; };
		CCF6A36B1BF4B8F200EF7D5F /* AFHTTPRequestOperationManager.m */ = {isa = PBXFileReference; fileEncoding = 4; lastKnownFileType = sourcecode.c.objc; path = AFHTTPRequestOperationManager.m; sourceTree = "<group>"; };
		CCF6A36C1BF4B8F200EF7D5F /* AFHTTPSessionManager.h */ = {isa = PBXFileReference; fileEncoding = 4; lastKnownFileType = sourcecode.c.h; path = AFHTTPSessionManager.h; sourceTree = "<group>"; };
		CCF6A36D1BF4B8F200EF7D5F /* AFHTTPSessionManager.m */ = {isa = PBXFileReference; fileEncoding = 4; lastKnownFileType = sourcecode.c.objc; path = AFHTTPSessionManager.m; sourceTree = "<group>"; };
		CCF6A36E1BF4B8F200EF7D5F /* AFNetworking.h */ = {isa = PBXFileReference; fileEncoding = 4; lastKnownFileType = sourcecode.c.h; path = AFNetworking.h; sourceTree = "<group>"; };
		CCF6A36F1BF4B8F200EF7D5F /* AFNetworkReachabilityManager.h */ = {isa = PBXFileReference; fileEncoding = 4; lastKnownFileType = sourcecode.c.h; path = AFNetworkReachabilityManager.h; sourceTree = "<group>"; };
		CCF6A3701BF4B8F200EF7D5F /* AFNetworkReachabilityManager.m */ = {isa = PBXFileReference; fileEncoding = 4; lastKnownFileType = sourcecode.c.objc; path = AFNetworkReachabilityManager.m; sourceTree = "<group>"; };
		CCF6A3711BF4B8F200EF7D5F /* AFSecurityPolicy.h */ = {isa = PBXFileReference; fileEncoding = 4; lastKnownFileType = sourcecode.c.h; path = AFSecurityPolicy.h; sourceTree = "<group>"; };
		CCF6A3721BF4B8F200EF7D5F /* AFSecurityPolicy.m */ = {isa = PBXFileReference; fileEncoding = 4; lastKnownFileType = sourcecode.c.objc; path = AFSecurityPolicy.m; sourceTree = "<group>"; };
		CCF6A3731BF4B8F200EF7D5F /* AFURLConnectionOperation.h */ = {isa = PBXFileReference; fileEncoding = 4; lastKnownFileType = sourcecode.c.h; path = AFURLConnectionOperation.h; sourceTree = "<group>"; };
		CCF6A3741BF4B8F200EF7D5F /* AFURLConnectionOperation.m */ = {isa = PBXFileReference; fileEncoding = 4; lastKnownFileType = sourcecode.c.objc; path = AFURLConnectionOperation.m; sourceTree = "<group>"; };
		CCF6A3751BF4B8F200EF7D5F /* AFURLRequestSerialization.h */ = {isa = PBXFileReference; fileEncoding = 4; lastKnownFileType = sourcecode.c.h; path = AFURLRequestSerialization.h; sourceTree = "<group>"; };
		CCF6A3761BF4B8F200EF7D5F /* AFURLRequestSerialization.m */ = {isa = PBXFileReference; fileEncoding = 4; lastKnownFileType = sourcecode.c.objc; path = AFURLRequestSerialization.m; sourceTree = "<group>"; };
		CCF6A3771BF4B8F200EF7D5F /* AFURLResponseSerialization.h */ = {isa = PBXFileReference; fileEncoding = 4; lastKnownFileType = sourcecode.c.h; path = AFURLResponseSerialization.h; sourceTree = "<group>"; };
		CCF6A3781BF4B8F200EF7D5F /* AFURLResponseSerialization.m */ = {isa = PBXFileReference; fileEncoding = 4; lastKnownFileType = sourcecode.c.objc; path = AFURLResponseSerialization.m; sourceTree = "<group>"; };
		CCF6A3791BF4B8F200EF7D5F /* AFURLSessionManager.h */ = {isa = PBXFileReference; fileEncoding = 4; lastKnownFileType = sourcecode.c.h; path = AFURLSessionManager.h; sourceTree = "<group>"; };
		CCF6A37A1BF4B8F200EF7D5F /* AFURLSessionManager.m */ = {isa = PBXFileReference; fileEncoding = 4; lastKnownFileType = sourcecode.c.objc; path = AFURLSessionManager.m; sourceTree = "<group>"; };
		CCF6A3841BF4B99D00EF7D5F /* HomeChild.h */ = {isa = PBXFileReference; fileEncoding = 4; lastKnownFileType = sourcecode.c.h; path = HomeChild.h; sourceTree = "<group>"; };
		CCF6A3851BF4B99D00EF7D5F /* HomeChild.m */ = {isa = PBXFileReference; fileEncoding = 4; lastKnownFileType = sourcecode.c.objc; path = HomeChild.m; sourceTree = "<group>"; };
		CCF6A3871BF4B9AB00EF7D5F /* HomeParent.h */ = {isa = PBXFileReference; fileEncoding = 4; lastKnownFileType = sourcecode.c.h; path = HomeParent.h; sourceTree = "<group>"; };
		CCF6A3881BF4B9AB00EF7D5F /* HomeParent.m */ = {isa = PBXFileReference; fileEncoding = 4; lastKnownFileType = sourcecode.c.objc; path = HomeParent.m; sourceTree = "<group>"; };
		CCF6A38A1BF4C6A500EF7D5F /* HomeHeaderView.h */ = {isa = PBXFileReference; fileEncoding = 4; lastKnownFileType = sourcecode.c.h; path = HomeHeaderView.h; sourceTree = "<group>"; };
		CCF6A38B1BF4C6A500EF7D5F /* HomeHeaderView.m */ = {isa = PBXFileReference; fileEncoding = 4; lastKnownFileType = sourcecode.c.objc; path = HomeHeaderView.m; sourceTree = "<group>"; };
		CCF6A38D1BF4D34A00EF7D5F /* MessageTableViewController.h */ = {isa = PBXFileReference; fileEncoding = 4; lastKnownFileType = sourcecode.c.h; path = MessageTableViewController.h; sourceTree = "<group>"; };
		CCF6A38E1BF4D34A00EF7D5F /* MessageTableViewController.m */ = {isa = PBXFileReference; fileEncoding = 4; lastKnownFileType = sourcecode.c.objc; path = MessageTableViewController.m; sourceTree = "<group>"; };
		CCF6A3901BF4D3FC00EF7D5F /* MessageTableViewCell.h */ = {isa = PBXFileReference; fileEncoding = 4; lastKnownFileType = sourcecode.c.h; path = MessageTableViewCell.h; sourceTree = "<group>"; };
		CCF6A3911BF4D3FC00EF7D5F /* MessageTableViewCell.m */ = {isa = PBXFileReference; fileEncoding = 4; lastKnownFileType = sourcecode.c.objc; path = MessageTableViewCell.m; sourceTree = "<group>"; };
		CCF6A3931BF4D64600EF7D5F /* Message.h */ = {isa = PBXFileReference; fileEncoding = 4; lastKnownFileType = sourcecode.c.h; path = Message.h; sourceTree = "<group>"; };
		CCF6A3941BF4D64600EF7D5F /* Message.m */ = {isa = PBXFileReference; fileEncoding = 4; lastKnownFileType = sourcecode.c.objc; path = Message.m; sourceTree = "<group>"; };
/* End PBXFileReference section */

/* Begin PBXFrameworksBuildPhase section */
		CCF6A32A1BF4A9E300EF7D5F /* Frameworks */ = {
			isa = PBXFrameworksBuildPhase;
			buildActionMask = 2147483647;
			files = (
			);
			runOnlyForDeploymentPostprocessing = 0;
		};
		CCF6A3431BF4A9E300EF7D5F /* Frameworks */ = {
			isa = PBXFrameworksBuildPhase;
			buildActionMask = 2147483647;
			files = (
			);
			runOnlyForDeploymentPostprocessing = 0;
		};
/* End PBXFrameworksBuildPhase section */

/* Begin PBXGroup section */
		CC8005561BF5A75F00356C3E /* DetailVC */ = {
			isa = PBXGroup;
			children = (
				CC8005571BF5A76D00356C3E /* DetailViewController.h */,
				CC8005581BF5A76D00356C3E /* DetailViewController.m */,
			);
			name = DetailVC;
			sourceTree = "<group>";
		};
		CC80055F1BF5C2B100356C3E /* SuggestVC */ = {
			isa = PBXGroup;
			children = (
				CC8005601BF5C2C100356C3E /* SuggestViewController.h */,
				CC8005611BF5C2C100356C3E /* SuggestViewController.m */,
			);
			name = SuggestVC;
			sourceTree = "<group>";
		};
		CCA6F6341BF5700C00875D98 /* MJRefresh */ = {
			isa = PBXGroup;
			children = (
				CCA6F6351BF5700C00875D98 /* Base */,
				CCA6F6401BF5700C00875D98 /* Custom */,
				CCA6F6571BF5700C00875D98 /* MJRefresh.bundle */,
				CCA6F6581BF5700C00875D98 /* MJRefresh.h */,
				CCA6F6591BF5700C00875D98 /* MJRefreshConst.h */,
				CCA6F65A1BF5700C00875D98 /* MJRefreshConst.m */,
				CCA6F65B1BF5700C00875D98 /* UIScrollView+MJExtension.h */,
				CCA6F65C1BF5700C00875D98 /* UIScrollView+MJExtension.m */,
				CCA6F65D1BF5700C00875D98 /* UIScrollView+MJRefresh.h */,
				CCA6F65E1BF5700C00875D98 /* UIScrollView+MJRefresh.m */,
				CCA6F65F1BF5700C00875D98 /* UIView+MJExtension.h */,
				CCA6F6601BF5700C00875D98 /* UIView+MJExtension.m */,
			);
			path = MJRefresh;
			sourceTree = "<group>";
		};
		CCA6F6351BF5700C00875D98 /* Base */ = {
			isa = PBXGroup;
			children = (
				CCA6F6361BF5700C00875D98 /* MJRefreshAutoFooter.h */,
				CCA6F6371BF5700C00875D98 /* MJRefreshAutoFooter.m */,
				CCA6F6381BF5700C00875D98 /* MJRefreshBackFooter.h */,
				CCA6F6391BF5700C00875D98 /* MJRefreshBackFooter.m */,
				CCA6F63A1BF5700C00875D98 /* MJRefreshComponent.h */,
				CCA6F63B1BF5700C00875D98 /* MJRefreshComponent.m */,
				CCA6F63C1BF5700C00875D98 /* MJRefreshFooter.h */,
				CCA6F63D1BF5700C00875D98 /* MJRefreshFooter.m */,
				CCA6F63E1BF5700C00875D98 /* MJRefreshHeader.h */,
				CCA6F63F1BF5700C00875D98 /* MJRefreshHeader.m */,
			);
			path = Base;
			sourceTree = "<group>";
		};
		CCA6F6401BF5700C00875D98 /* Custom */ = {
			isa = PBXGroup;
			children = (
				CCA6F6411BF5700C00875D98 /* Footer */,
				CCA6F6501BF5700C00875D98 /* Header */,
			);
			path = Custom;
			sourceTree = "<group>";
		};
		CCA6F6411BF5700C00875D98 /* Footer */ = {
			isa = PBXGroup;
			children = (
				CCA6F6421BF5700C00875D98 /* Auto */,
				CCA6F6491BF5700C00875D98 /* Back */,
			);
			path = Footer;
			sourceTree = "<group>";
		};
		CCA6F6421BF5700C00875D98 /* Auto */ = {
			isa = PBXGroup;
			children = (
				CCA6F6431BF5700C00875D98 /* MJRefreshAutoGifFooter.h */,
				CCA6F6441BF5700C00875D98 /* MJRefreshAutoGifFooter.m */,
				CCA6F6451BF5700C00875D98 /* MJRefreshAutoNormalFooter.h */,
				CCA6F6461BF5700C00875D98 /* MJRefreshAutoNormalFooter.m */,
				CCA6F6471BF5700C00875D98 /* MJRefreshAutoStateFooter.h */,
				CCA6F6481BF5700C00875D98 /* MJRefreshAutoStateFooter.m */,
			);
			path = Auto;
			sourceTree = "<group>";
		};
		CCA6F6491BF5700C00875D98 /* Back */ = {
			isa = PBXGroup;
			children = (
				CCA6F64A1BF5700C00875D98 /* MJRefreshBackGifFooter.h */,
				CCA6F64B1BF5700C00875D98 /* MJRefreshBackGifFooter.m */,
				CCA6F64C1BF5700C00875D98 /* MJRefreshBackNormalFooter.h */,
				CCA6F64D1BF5700C00875D98 /* MJRefreshBackNormalFooter.m */,
				CCA6F64E1BF5700C00875D98 /* MJRefreshBackStateFooter.h */,
				CCA6F64F1BF5700C00875D98 /* MJRefreshBackStateFooter.m */,
			);
			path = Back;
			sourceTree = "<group>";
		};
		CCA6F6501BF5700C00875D98 /* Header */ = {
			isa = PBXGroup;
			children = (
				CCA6F6511BF5700C00875D98 /* MJRefreshGifHeader.h */,
				CCA6F6521BF5700C00875D98 /* MJRefreshGifHeader.m */,
				CCA6F6531BF5700C00875D98 /* MJRefreshNormalHeader.h */,
				CCA6F6541BF5700C00875D98 /* MJRefreshNormalHeader.m */,
				CCA6F6551BF5700C00875D98 /* MJRefreshStateHeader.h */,
				CCA6F6561BF5700C00875D98 /* MJRefreshStateHeader.m */,
			);
			path = Header;
			sourceTree = "<group>";
		};
		CCA6F6611BF5700C00875D98 /* SVProgressHUD */ = {
			isa = PBXGroup;
			children = (
				CCA6F6621BF5700C00875D98 /* SVIndefiniteAnimatedView.h */,
				CCA6F6631BF5700C00875D98 /* SVIndefiniteAnimatedView.m */,
				CCA6F6641BF5700C00875D98 /* SVProgressHUD-Prefix.pch */,
				CCA6F6651BF5700C00875D98 /* SVProgressHUD.bundle */,
				CCA6F6661BF5700C00875D98 /* SVProgressHUD.h */,
				CCA6F6671BF5700C00875D98 /* SVProgressHUD.m */,
			);
			path = SVProgressHUD;
			sourceTree = "<group>";
		};
		CCA6F67E1BF5713000875D98 /* WebVC */ = {
			isa = PBXGroup;
			children = (
				CCA6F67F1BF5714300875D98 /* WebViewController.h */,
				CCA6F6801BF5714300875D98 /* WebViewController.m */,
			);
			name = WebVC;
			sourceTree = "<group>";
		};
		CCF6A3241BF4A9E300EF7D5F = {
			isa = PBXGroup;
			children = (
				CCF6A32F1BF4A9E300EF7D5F /* furnitureShow */,
				CCF6A3491BF4A9E300EF7D5F /* furnitureShowTests */,
				CCF6A32E1BF4A9E300EF7D5F /* Products */,
			);
			sourceTree = "<group>";
		};
		CCF6A32E1BF4A9E300EF7D5F /* Products */ = {
			isa = PBXGroup;
			children = (
				CCF6A32D1BF4A9E300EF7D5F /* furnitureShow.app */,
				CCF6A3461BF4A9E300EF7D5F /* furnitureShowTests.xctest */,
			);
			name = Products;
			sourceTree = "<group>";
		};
		CCF6A32F1BF4A9E300EF7D5F /* furnitureShow */ = {
			isa = PBXGroup;
			children = (
				CCF6A3661BF4B8DE00EF7D5F /* OpenSource */,
				CCF6A3581BF4AA0000EF7D5F /* Models */,
				CCF6A3571BF4A9FC00EF7D5F /* Views */,
				CCF6A3561BF4A9F100EF7D5F /* Controllers */,
				CCF6A3301BF4A9E300EF7D5F /* Supporting Files */,
			);
			path = furnitureShow;
			sourceTree = "<group>";
		};
		CCF6A3301BF4A9E300EF7D5F /* Supporting Files */ = {
			isa = PBXGroup;
			children = (
				CC80055D1BF5AEEF00356C3E /* zhanhuifuwu.html */,
				CCF6A33D1BF4A9E300EF7D5F /* Images.xcassets */,
				CCF6A33F1BF4A9E300EF7D5F /* LaunchScreen.xib */,
				CCF6A3341BF4A9E300EF7D5F /* AppDelegate.h */,
				CCF6A3351BF4A9E300EF7D5F /* AppDelegate.m */,
				CCF6A3311BF4A9E300EF7D5F /* Info.plist */,
				CCF6A3321BF4A9E300EF7D5F /* main.m */,
				CCF6A3611BF4B50B00EF7D5F /* Common.h */,
			);
			name = "Supporting Files";
			sourceTree = "<group>";
		};
		CCF6A3491BF4A9E300EF7D5F /* furnitureShowTests */ = {
			isa = PBXGroup;
			children = (
				CCF6A34C1BF4A9E300EF7D5F /* furnitureShowTests.m */,
				CCF6A34A1BF4A9E300EF7D5F /* Supporting Files */,
			);
			path = furnitureShowTests;
			sourceTree = "<group>";
		};
		CCF6A34A1BF4A9E300EF7D5F /* Supporting Files */ = {
			isa = PBXGroup;
			children = (
				CCF6A34B1BF4A9E300EF7D5F /* Info.plist */,
			);
			name = "Supporting Files";
			sourceTree = "<group>";
		};
		CCF6A3561BF4A9F100EF7D5F /* Controllers */ = {
			isa = PBXGroup;
			children = (
				CC80055F1BF5C2B100356C3E /* SuggestVC */,
				CC8005561BF5A75F00356C3E /* DetailVC */,
				CCA6F67E1BF5713000875D98 /* WebVC */,
				CCF6A3621BF4B7F800EF7D5F /* ShowVC */,
				CCF6A35D1BF4ABC800EF7D5F /* MoreVC */,
				CCF6A35C1BF4ABBF00EF7D5F /* RegisterVC */,
				CCF6A35B1BF4ABA400EF7D5F /* MessagVC */,
				CCF6A35A1BF4AB8E00EF7D5F /* HomeVC */,
			);
			name = Controllers;
			sourceTree = "<group>";
		};
		CCF6A3571BF4A9FC00EF7D5F /* Views */ = {
			isa = PBXGroup;
			children = (
				CCF6A33A1BF4A9E300EF7D5F /* Main.storyboard */,
				CCF6A38A1BF4C6A500EF7D5F /* HomeHeaderView.h */,
				CCF6A38B1BF4C6A500EF7D5F /* HomeHeaderView.m */,
				CCF6A3901BF4D3FC00EF7D5F /* MessageTableViewCell.h */,
				CCF6A3911BF4D3FC00EF7D5F /* MessageTableViewCell.m */,
			);
			name = Views;
			sourceTree = "<group>";
		};
		CCF6A3581BF4AA0000EF7D5F /* Models */ = {
			isa = PBXGroup;
			children = (
				CCF6A3841BF4B99D00EF7D5F /* HomeChild.h */,
				CCF6A3851BF4B99D00EF7D5F /* HomeChild.m */,
				CCF6A3871BF4B9AB00EF7D5F /* HomeParent.h */,
				CCF6A3881BF4B9AB00EF7D5F /* HomeParent.m */,
				CCF6A3931BF4D64600EF7D5F /* Message.h */,
				CCF6A3941BF4D64600EF7D5F /* Message.m */,
			);
			name = Models;
			sourceTree = "<group>";
		};
		CCF6A35A1BF4AB8E00EF7D5F /* HomeVC */ = {
			isa = PBXGroup;
			children = (
				CCF6A35E1BF4AFD000EF7D5F /* MainViewController.h */,
				CCF6A35F1BF4AFD000EF7D5F /* MainViewController.m */,
			);
			name = HomeVC;
			sourceTree = "<group>";
		};
		CCF6A35B1BF4ABA400EF7D5F /* MessagVC */ = {
			isa = PBXGroup;
			children = (
				CCF6A38D1BF4D34A00EF7D5F /* MessageTableViewController.h */,
				CCF6A38E1BF4D34A00EF7D5F /* MessageTableViewController.m */,
			);
			name = MessagVC;
			sourceTree = "<group>";
		};
		CCF6A35C1BF4ABBF00EF7D5F /* RegisterVC */ = {
			isa = PBXGroup;
			children = (
				CCA6F6821BF5807500875D98 /* RegisterViewController.h */,
				CCA6F6831BF5807500875D98 /* RegisterViewController.m */,
			);
			name = RegisterVC;
			sourceTree = "<group>";
		};
		CCF6A35D1BF4ABC800EF7D5F /* MoreVC */ = {
			isa = PBXGroup;
			children = (
				CC80055A1BF5A8FB00356C3E /* MoreViewController.h */,
				CC80055B1BF5A8FB00356C3E /* MoreViewController.m */,
			);
			name = MoreVC;
			sourceTree = "<group>";
		};
		CCF6A3621BF4B7F800EF7D5F /* ShowVC */ = {
			isa = PBXGroup;
			children = (
				CCF6A3631BF4B80A00EF7D5F /* ShowViewController.h */,
				CCF6A3641BF4B80A00EF7D5F /* ShowViewController.m */,
			);
			name = ShowVC;
			sourceTree = "<group>";
		};
		CCF6A3661BF4B8DE00EF7D5F /* OpenSource */ = {
			isa = PBXGroup;
			children = (
				CCA6F6341BF5700C00875D98 /* MJRefresh */,
				CCA6F6611BF5700C00875D98 /* SVProgressHUD */,
				CCF6A3671BF4B8F200EF7D5F /* AFNetworking */,
			);
			name = OpenSource;
			sourceTree = "<group>";
		};
		CCF6A3671BF4B8F200EF7D5F /* AFNetworking */ = {
			isa = PBXGroup;
			children = (
				CCF6A3681BF4B8F200EF7D5F /* AFHTTPRequestOperation.h */,
				CCF6A3691BF4B8F200EF7D5F /* AFHTTPRequestOperation.m */,
				CCF6A36A1BF4B8F200EF7D5F /* AFHTTPRequestOperationManager.h */,
				CCF6A36B1BF4B8F200EF7D5F /* AFHTTPRequestOperationManager.m */,
				CCF6A36C1BF4B8F200EF7D5F /* AFHTTPSessionManager.h */,
				CCF6A36D1BF4B8F200EF7D5F /* AFHTTPSessionManager.m */,
				CCF6A36E1BF4B8F200EF7D5F /* AFNetworking.h */,
				CCF6A36F1BF4B8F200EF7D5F /* AFNetworkReachabilityManager.h */,
				CCF6A3701BF4B8F200EF7D5F /* AFNetworkReachabilityManager.m */,
				CCF6A3711BF4B8F200EF7D5F /* AFSecurityPolicy.h */,
				CCF6A3721BF4B8F200EF7D5F /* AFSecurityPolicy.m */,
				CCF6A3731BF4B8F200EF7D5F /* AFURLConnectionOperation.h */,
				CCF6A3741BF4B8F200EF7D5F /* AFURLConnectionOperation.m */,
				CCF6A3751BF4B8F200EF7D5F /* AFURLRequestSerialization.h */,
				CCF6A3761BF4B8F200EF7D5F /* AFURLRequestSerialization.m */,
				CCF6A3771BF4B8F200EF7D5F /* AFURLResponseSerialization.h */,
				CCF6A3781BF4B8F200EF7D5F /* AFURLResponseSerialization.m */,
				CCF6A3791BF4B8F200EF7D5F /* AFURLSessionManager.h */,
				CCF6A37A1BF4B8F200EF7D5F /* AFURLSessionManager.m */,
			);
			path = AFNetworking;
			sourceTree = "<group>";
		};
/* End PBXGroup section */

/* Begin PBXNativeTarget section */
		CCF6A32C1BF4A9E300EF7D5F /* furnitureShow */ = {
			isa = PBXNativeTarget;
			buildConfigurationList = CCF6A3501BF4A9E300EF7D5F /* Build configuration list for PBXNativeTarget "furnitureShow" */;
			buildPhases = (
				CCF6A3291BF4A9E300EF7D5F /* Sources */,
				CCF6A32A1BF4A9E300EF7D5F /* Frameworks */,
				CCF6A32B1BF4A9E300EF7D5F /* Resources */,
			);
			buildRules = (
			);
			dependencies = (
			);
			name = furnitureShow;
			productName = furnitureShow;
			productReference = CCF6A32D1BF4A9E300EF7D5F /* furnitureShow.app */;
			productType = "com.apple.product-type.application";
		};
		CCF6A3451BF4A9E300EF7D5F /* furnitureShowTests */ = {
			isa = PBXNativeTarget;
			buildConfigurationList = CCF6A3531BF4A9E300EF7D5F /* Build configuration list for PBXNativeTarget "furnitureShowTests" */;
			buildPhases = (
				CCF6A3421BF4A9E300EF7D5F /* Sources */,
				CCF6A3431BF4A9E300EF7D5F /* Frameworks */,
				CCF6A3441BF4A9E300EF7D5F /* Resources */,
			);
			buildRules = (
			);
			dependencies = (
				CCF6A3481BF4A9E300EF7D5F /* PBXTargetDependency */,
			);
			name = furnitureShowTests;
			productName = furnitureShowTests;
			productReference = CCF6A3461BF4A9E300EF7D5F /* furnitureShowTests.xctest */;
			productType = "com.apple.product-type.bundle.unit-test";
		};
/* End PBXNativeTarget section */

/* Begin PBXProject section */
		CCF6A3251BF4A9E300EF7D5F /* Project object */ = {
			isa = PBXProject;
			attributes = {
				LastUpgradeCheck = 0640;
				ORGANIZATIONNAME = "河南青云信息技术有限公司 &蒋洋";
				TargetAttributes = {
					CCF6A32C1BF4A9E300EF7D5F = {
						CreatedOnToolsVersion = 6.4;
					};
					CCF6A3451BF4A9E300EF7D5F = {
						CreatedOnToolsVersion = 6.4;
						TestTargetID = CCF6A32C1BF4A9E300EF7D5F;
					};
				};
			};
			buildConfigurationList = CCF6A3281BF4A9E300EF7D5F /* Build configuration list for PBXProject "furnitureShow" */;
			compatibilityVersion = "Xcode 3.2";
			developmentRegion = English;
			hasScannedForEncodings = 0;
			knownRegions = (
				en,
				Base,
			);
			mainGroup = CCF6A3241BF4A9E300EF7D5F;
			productRefGroup = CCF6A32E1BF4A9E300EF7D5F /* Products */;
			projectDirPath = "";
			projectRoot = "";
			targets = (
				CCF6A32C1BF4A9E300EF7D5F /* furnitureShow */,
				CCF6A3451BF4A9E300EF7D5F /* furnitureShowTests */,
			);
		};
/* End PBXProject section */

/* Begin PBXResourcesBuildPhase section */
		CCF6A32B1BF4A9E300EF7D5F /* Resources */ = {
			isa = PBXResourcesBuildPhase;
			buildActionMask = 2147483647;
			files = (
				CCA6F67C1BF5700C00875D98 /* SVProgressHUD.bundle in Resources */,
				CCF6A33C1BF4A9E300EF7D5F /* Main.storyboard in Resources */,
				CCF6A3411BF4A9E300EF7D5F /* LaunchScreen.xib in Resources */,
				CCA6F6761BF5700C00875D98 /* MJRefresh.bundle in Resources */,
				CCF6A33E1BF4A9E300EF7D5F /* Images.xcassets in Resources */,
				CC80055E1BF5AEEF00356C3E /* zhanhuifuwu.html in Resources */,
			);
			runOnlyForDeploymentPostprocessing = 0;
		};
		CCF6A3441BF4A9E300EF7D5F /* Resources */ = {
			isa = PBXResourcesBuildPhase;
			buildActionMask = 2147483647;
			files = (
			);
			runOnlyForDeploymentPostprocessing = 0;
		};
/* End PBXResourcesBuildPhase section */

/* Begin PBXSourcesBuildPhase section */
		CCF6A3291BF4A9E300EF7D5F /* Sources */ = {
			isa = PBXSourcesBuildPhase;
			buildActionMask = 2147483647;
			files = (
				CCA6F6691BF5700C00875D98 /* MJRefreshBackFooter.m in Sources */,
				CCA6F66B1BF5700C00875D98 /* MJRefreshFooter.m in Sources */,
				CC80055C1BF5A8FB00356C3E /* MoreViewController.m in Sources */,
				CCF6A3361BF4A9E300EF7D5F /* AppDelegate.m in Sources */,
				CCF6A37F1BF4B8F200EF7D5F /* AFSecurityPolicy.m in Sources */,
				CCA6F6771BF5700C00875D98 /* MJRefreshConst.m in Sources */,
				CCF6A3331BF4A9E300EF7D5F /* main.m in Sources */,
				CCF6A37C1BF4B8F200EF7D5F /* AFHTTPRequestOperationManager.m in Sources */,
				CCA6F6731BF5700C00875D98 /* MJRefreshGifHeader.m in Sources */,
				CCF6A3801BF4B8F200EF7D5F /* AFURLConnectionOperation.m in Sources */,
				CCA6F6781BF5700C00875D98 /* UIScrollView+MJExtension.m in Sources */,
				CCA6F6701BF5700C00875D98 /* MJRefreshBackGifFooter.m in Sources */,
				CCA6F6811BF5714300875D98 /* WebViewController.m in Sources */,
				CCA6F66D1BF5700C00875D98 /* MJRefreshAutoGifFooter.m in Sources */,
				CCA6F6741BF5700C00875D98 /* MJRefreshNormalHeader.m in Sources */,
				CCA6F66A1BF5700C00875D98 /* MJRefreshComponent.m in Sources */,
				CCF6A37B1BF4B8F200EF7D5F /* AFHTTPRequestOperation.m in Sources */,
				CCF6A3601BF4AFD000EF7D5F /* MainViewController.m in Sources */,
				CCA6F67A1BF5700C00875D98 /* UIView+MJExtension.m in Sources */,
				CCF6A3811BF4B8F200EF7D5F /* AFURLRequestSerialization.m in Sources */,
				CCF6A38C1BF4C6A500EF7D5F /* HomeHeaderView.m in Sources */,
				CCF6A3951BF4D64600EF7D5F /* Message.m in Sources */,
				CCA6F6681BF5700C00875D98 /* MJRefreshAutoFooter.m in Sources */,
				CCA6F67B1BF5700C00875D98 /* SVIndefiniteAnimatedView.m in Sources */,
				CCA6F6841BF5807500875D98 /* RegisterViewController.m in Sources */,
				CCF6A37D1BF4B8F200EF7D5F /* AFHTTPSessionManager.m in Sources */,
				CCA6F6711BF5700C00875D98 /* MJRefreshBackNormalFooter.m in Sources */,
				CCF6A37E1BF4B8F200EF7D5F /* AFNetworkReachabilityManager.m in Sources */,
				CCA6F66F1BF5700C00875D98 /* MJRefreshAutoStateFooter.m in Sources */,
				CCA6F6751BF5700C00875D98 /* MJRefreshStateHeader.m in Sources */,
				CCF6A3921BF4D3FC00EF7D5F /* MessageTableViewCell.m in Sources */,
				CCF6A3821BF4B8F200EF7D5F /* AFURLResponseSerialization.m in Sources */,
				CCA6F66E1BF5700C00875D98 /* MJRefreshAutoNormalFooter.m in Sources */,
				CCF6A38F1BF4D34A00EF7D5F /* MessageTableViewController.m in Sources */,
				CCA6F66C1BF5700C00875D98 /* MJRefreshHeader.m in Sources */,
				CCF6A3831BF4B8F200EF7D5F /* AFURLSessionManager.m in Sources */,
				CCA6F6721BF5700C00875D98 /* MJRefreshBackStateFooter.m in Sources */,
				CCA6F6791BF5700C00875D98 /* UIScrollView+MJRefresh.m in Sources */,
				CCA6F67D1BF5700C00875D98 /* SVProgressHUD.m in Sources */,
				CCF6A3651BF4B80A00EF7D5F /* ShowViewController.m in Sources */,
				CCF6A3891BF4B9AB00EF7D5F /* HomeParent.m in Sources */,
				CCF6A3861BF4B99D00EF7D5F /* HomeChild.m in Sources */,
				CC8005591BF5A76D00356C3E /* DetailViewController.m in Sources */,
				CC8005621BF5C2C100356C3E /* SuggestViewController.m in Sources */,
			);
			runOnlyForDeploymentPostprocessing = 0;
		};
		CCF6A3421BF4A9E300EF7D5F /* Sources */ = {
			isa = PBXSourcesBuildPhase;
			buildActionMask = 2147483647;
			files = (
				CCF6A34D1BF4A9E300EF7D5F /* furnitureShowTests.m in Sources */,
			);
			runOnlyForDeploymentPostprocessing = 0;
		};
/* End PBXSourcesBuildPhase section */

/* Begin PBXTargetDependency section */
		CCF6A3481BF4A9E300EF7D5F /* PBXTargetDependency */ = {
			isa = PBXTargetDependency;
			target = CCF6A32C1BF4A9E300EF7D5F /* furnitureShow */;
			targetProxy = CCF6A3471BF4A9E300EF7D5F /* PBXContainerItemProxy */;
		};
/* End PBXTargetDependency section */

/* Begin PBXVariantGroup section */
		CCF6A33A1BF4A9E300EF7D5F /* Main.storyboard */ = {
			isa = PBXVariantGroup;
			children = (
				CCF6A33B1BF4A9E300EF7D5F /* Base */,
			);
			name = Main.storyboard;
			sourceTree = "<group>";
		};
		CCF6A33F1BF4A9E300EF7D5F /* LaunchScreen.xib */ = {
			isa = PBXVariantGroup;
			children = (
				CCF6A3401BF4A9E300EF7D5F /* Base */,
			);
			name = LaunchScreen.xib;
			sourceTree = "<group>";
		};
/* End PBXVariantGroup section */

/* Begin XCBuildConfiguration section */
		CCF6A34E1BF4A9E300EF7D5F /* Debug */ = {
			isa = XCBuildConfiguration;
			buildSettings = {
				ALWAYS_SEARCH_USER_PATHS = NO;
				CLANG_CXX_LANGUAGE_STANDARD = "gnu++0x";
				CLANG_CXX_LIBRARY = "libc++";
				CLANG_ENABLE_MODULES = YES;
				CLANG_ENABLE_OBJC_ARC = YES;
				CLANG_WARN_BOOL_CONVERSION = YES;
				CLANG_WARN_CONSTANT_CONVERSION = YES;
				CLANG_WARN_DIRECT_OBJC_ISA_USAGE = YES_ERROR;
				CLANG_WARN_EMPTY_BODY = YES;
				CLANG_WARN_ENUM_CONVERSION = YES;
				CLANG_WARN_INT_CONVERSION = YES;
				CLANG_WARN_OBJC_ROOT_CLASS = YES_ERROR;
				CLANG_WARN_UNREACHABLE_CODE = YES;
				CLANG_WARN__DUPLICATE_METHOD_MATCH = YES;
				"CODE_SIGN_IDENTITY[sdk=iphoneos*]" = "iPhone Developer";
				COPY_PHASE_STRIP = NO;
				DEBUG_INFORMATION_FORMAT = "dwarf-with-dsym";
				ENABLE_STRICT_OBJC_MSGSEND = YES;
				GCC_C_LANGUAGE_STANDARD = gnu99;
				GCC_DYNAMIC_NO_PIC = NO;
				GCC_NO_COMMON_BLOCKS = YES;
				GCC_OPTIMIZATION_LEVEL = 0;
				GCC_PREPROCESSOR_DEFINITIONS = (
					"DEBUG=1",
					"$(inherited)",
				);
				GCC_SYMBOLS_PRIVATE_EXTERN = NO;
				GCC_WARN_64_TO_32_BIT_CONVERSION = YES;
				GCC_WARN_ABOUT_RETURN_TYPE = YES_ERROR;
				GCC_WARN_UNDECLARED_SELECTOR = YES;
				GCC_WARN_UNINITIALIZED_AUTOS = YES_AGGRESSIVE;
				GCC_WARN_UNUSED_FUNCTION = YES;
				GCC_WARN_UNUSED_VARIABLE = YES;
				IPHONEOS_DEPLOYMENT_TARGET = 8.4;
				MTL_ENABLE_DEBUG_INFO = YES;
				ONLY_ACTIVE_ARCH = YES;
				SDKROOT = iphoneos;
			};
			name = Debug;
		};
		CCF6A34F1BF4A9E300EF7D5F /* Release */ = {
			isa = XCBuildConfiguration;
			buildSettings = {
				ALWAYS_SEARCH_USER_PATHS = NO;
				CLANG_CXX_LANGUAGE_STANDARD = "gnu++0x";
				CLANG_CXX_LIBRARY = "libc++";
				CLANG_ENABLE_MODULES = YES;
				CLANG_ENABLE_OBJC_ARC = YES;
				CLANG_WARN_BOOL_CONVERSION = YES;
				CLANG_WARN_CONSTANT_CONVERSION = YES;
				CLANG_WARN_DIRECT_OBJC_ISA_USAGE = YES_ERROR;
				CLANG_WARN_EMPTY_BODY = YES;
				CLANG_WARN_ENUM_CONVERSION = YES;
				CLANG_WARN_INT_CONVERSION = YES;
				CLANG_WARN_OBJC_ROOT_CLASS = YES_ERROR;
				CLANG_WARN_UNREACHABLE_CODE = YES;
				CLANG_WARN__DUPLICATE_METHOD_MATCH = YES;
				"CODE_SIGN_IDENTITY[sdk=iphoneos*]" = "iPhone Developer";
				COPY_PHASE_STRIP = NO;
				DEBUG_INFORMATION_FORMAT = "dwarf-with-dsym";
				ENABLE_NS_ASSERTIONS = NO;
				ENABLE_STRICT_OBJC_MSGSEND = YES;
				GCC_C_LANGUAGE_STANDARD = gnu99;
				GCC_NO_COMMON_BLOCKS = YES;
				GCC_WARN_64_TO_32_BIT_CONVERSION = YES;
				GCC_WARN_ABOUT_RETURN_TYPE = YES_ERROR;
				GCC_WARN_UNDECLARED_SELECTOR = YES;
				GCC_WARN_UNINITIALIZED_AUTOS = YES_AGGRESSIVE;
				GCC_WARN_UNUSED_FUNCTION = YES;
				GCC_WARN_UNUSED_VARIABLE = YES;
				IPHONEOS_DEPLOYMENT_TARGET = 8.4;
				MTL_ENABLE_DEBUG_INFO = NO;
				SDKROOT = iphoneos;
				VALIDATE_PRODUCT = YES;
			};
			name = Release;
		};
		CCF6A3511BF4A9E300EF7D5F /* Debug */ = {
			isa = XCBuildConfiguration;
			buildSettings = {
				ASSETCATALOG_COMPILER_APPICON_NAME = AppIcon;
				INFOPLIST_FILE = furnitureShow/Info.plist;
				LD_RUNPATH_SEARCH_PATHS = "$(inherited) @executable_path/Frameworks";
				PRODUCT_NAME = "$(TARGET_NAME)";
			};
			name = Debug;
		};
		CCF6A3521BF4A9E300EF7D5F /* Release */ = {
			isa = XCBuildConfiguration;
			buildSettings = {
				ASSETCATALOG_COMPILER_APPICON_NAME = AppIcon;
				INFOPLIST_FILE = furnitureShow/Info.plist;
				LD_RUNPATH_SEARCH_PATHS = "$(inherited) @executable_path/Frameworks";
				PRODUCT_NAME = "$(TARGET_NAME)";
			};
			name = Release;
		};
		CCF6A3541BF4A9E300EF7D5F /* Debug */ = {
			isa = XCBuildConfiguration;
			buildSettings = {
				BUNDLE_LOADER = "$(TEST_HOST)";
				FRAMEWORK_SEARCH_PATHS = (
					"$(SDKROOT)/Developer/Library/Frameworks",
					"$(inherited)",
				);
				GCC_PREPROCESSOR_DEFINITIONS = (
					"DEBUG=1",
					"$(inherited)",
				);
				INFOPLIST_FILE = furnitureShowTests/Info.plist;
				LD_RUNPATH_SEARCH_PATHS = "$(inherited) @executable_path/Frameworks @loader_path/Frameworks";
				PRODUCT_NAME = "$(TARGET_NAME)";
				TEST_HOST = "$(BUILT_PRODUCTS_DIR)/furnitureShow.app/furnitureShow";
			};
			name = Debug;
		};
		CCF6A3551BF4A9E300EF7D5F /* Release */ = {
			isa = XCBuildConfiguration;
			buildSettings = {
				BUNDLE_LOADER = "$(TEST_HOST)";
				FRAMEWORK_SEARCH_PATHS = (
					"$(SDKROOT)/Developer/Library/Frameworks",
					"$(inherited)",
				);
				INFOPLIST_FILE = furnitureShowTests/Info.plist;
				LD_RUNPATH_SEARCH_PATHS = "$(inherited) @executable_path/Frameworks @loader_path/Frameworks";
				PRODUCT_NAME = "$(TARGET_NAME)";
				TEST_HOST = "$(BUILT_PRODUCTS_DIR)/furnitureShow.app/furnitureShow";
			};
			name = Release;
		};
/* End XCBuildConfiguration section */

/* Begin XCConfigurationList section */
		CCF6A3281BF4A9E300EF7D5F /* Build configuration list for PBXProject "furnitureShow" */ = {
			isa = XCConfigurationList;
			buildConfigurations = (
				CCF6A34E1BF4A9E300EF7D5F /* Debug */,
				CCF6A34F1BF4A9E300EF7D5F /* Release */,
			);
			defaultConfigurationIsVisible = 0;
			defaultConfigurationName = Release;
		};
		CCF6A3501BF4A9E300EF7D5F /* Build configuration list for PBXNativeTarget "furnitureShow" */ = {
			isa = XCConfigurationList;
			buildConfigurations = (
				CCF6A3511BF4A9E300EF7D5F /* Debug */,
				CCF6A3521BF4A9E300EF7D5F /* Release */,
			);
			defaultConfigurationIsVisible = 0;
			defaultConfigurationName = Release;
		};
		CCF6A3531BF4A9E300EF7D5F /* Build configuration list for PBXNativeTarget "furnitureShowTests" */ = {
			isa = XCConfigurationList;
			buildConfigurations = (
				CCF6A3541BF4A9E300EF7D5F /* Debug */,
				CCF6A3551BF4A9E300EF7D5F /* Release */,
			);
			defaultConfigurationIsVisible = 0;
			defaultConfigurationName = Release;
		};
/* End XCConfigurationList section */
	};
	rootObject = CCF6A3251BF4A9E300EF7D5F /* Project object */;
}
